
Microsoft Visual Studio Solution File, Format Version 12.00
Project("{2150E333-8FDC-42A3-9474-1A3956D46DE8}") = "DataLayer", "DataLayer", "{26C71EAA-F25B-4F12-AB2B-3D5E4B864D9C}"
EndProject
Project("{FAE04EC0-301F-11D3-BF4B-00C04F79EFBC}") = "DataModels", "DataModels\DataModels.csproj", "{C1110707-7D68-4C3C-9DEE-621C1F86C8BB}"
EndProject
Project("{FAE04EC0-301F-11D3-BF4B-00C04F79EFBC}") = "Lib.DataBases", "Lib.DataBases\Lib.DataBases.csproj", "{7074F3ED-0A2E-4B7D-BF8D-67015D0EAAFF}"
EndProject
Project("{2150E333-8FDC-42A3-9474-1A3956D46DE8}") = "Tests", "Tests", "{5F83E643-2D5A-4B9F-84CE-7C088E71CC23}"
EndProject
Project("{FAE04EC0-301F-11D3-BF4B-00C04F79EFBC}") = "Tests.DataModels", "Tests.DataModels\Tests.DataModels.csproj", "{5E529A46-5F27-48B9-921A-B2C5D66530BC}"
EndProject
Project("{FAE04EC0-301F-11D3-BF4B-00C04F79EFBC}") = "CommandHandler", "CommandHandler\CommandHandler.csproj", "{A1A41663-3F69-4BB0-99E0-63ECF8C5C47E}"
EndProject
Project("{FAE04EC0-301F-11D3-BF4B-00C04F79EFBC}") = "CommandExecutor", "CommandExecutor\CommandExecutor.csproj", "{B70269DC-A1AC-468C-9449-D079AF9681A8}"
EndProject
Project("{2150E333-8FDC-42A3-9474-1A3956D46DE8}") = "docker-compose", "docker-compose", "{1DCC35BA-F368-483E-B192-DD070B6ED17A}"
	ProjectSection(SolutionItems) = preProject
		docker-compose.yml = docker-compose.yml
	EndProjectSection
EndProject
Project("{FAE04EC0-301F-11D3-BF4B-00C04F79EFBC}") = "Site", "Site\Site.csproj", "{0C92D590-0FF5-40BB-A272-ACA841D87A7C}"
EndProject
Project("{FAE04EC0-301F-11D3-BF4B-00C04F79EFBC}") = "EncryptModule", "EncryptModule\EncryptModule.csproj", "{D91D4060-ADE2-4323-B183-889CB73D9211}"
EndProject
Project("{FAE04EC0-301F-11D3-BF4B-00C04F79EFBC}") = "Tests.Encrypting", "Tests\Tests.Encrypting\Tests.Encrypting.csproj", "{A2D23042-C916-42C8-9839-06104FB6B8B7}"
EndProject
Project("{2150E333-8FDC-42A3-9474-1A3956D46DE8}") = "init_db", "init_db", "{B9D597B5-506C-41DB-93DC-4F77EC1604BA}"
EndProject
Project("{FAE04EC0-301F-11D3-BF4B-00C04F79EFBC}") = "InitialDataBase", "InitialDataBase\InitialDataBase.csproj", "{99B94A26-1DD6-47D9-82AE-CD04A10B8A4B}"
EndProject
Project("{FAE04EC0-301F-11D3-BF4B-00C04F79EFBC}") = "BashDataBaseModels", "BashDataBaseModels\BashDataBaseModels.csproj", "{17A534AD-7632-48C2-8BA2-D5F2C6014FFE}"
EndProject
Project("{FAE04EC0-301F-11D3-BF4B-00C04F79EFBC}") = "BashLearningDB", "BashLearningDB\BashLearningDB.csproj", "{792F190F-1B7A-4FC1-9460-9CA4A659F4D9}"
EndProject
Project("{FAE04EC0-301F-11D3-BF4B-00C04F79EFBC}") = "BashLearningModelsValidate", "BashLearningModelsValidate\BashLearningModelsValidate.csproj", "{2ACFC6F0-7DB3-47D5-A585-092F19366C2E}"
EndProject
Project("{FAE04EC0-301F-11D3-BF4B-00C04F79EFBC}") = "Tests.BashLearningDB", "Tests\Tests.BashLearningDB\Tests.BashLearningDB.csproj", "{F6C2A569-0152-4EAF-9025-117B17B7BD6F}"
EndProject
Project("{FAE04EC0-301F-11D3-BF4B-00C04F79EFBC}") = "Exceptions", "Exceptions\Exceptions.csproj", "{F876337D-839D-4E7B-A7A7-A2ED3035CD8A}"
EndProject
Project("{FAE04EC0-301F-11D3-BF4B-00C04F79EFBC}") = "BashExecutorAPI", "BashExecutorAPI\BashExecutorAPI.csproj", "{E19AA572-2AE5-4288-B96F-5F55AFA69A5B}"
EndProject
Project("{FAE04EC0-301F-11D3-BF4B-00C04F79EFBC}") = "ContainerDistributorAPI", "ContainerDistributorAPI\ContainerDistributorAPI.csproj", "{856E9509-B9BB-42BC-B703-885E85CF39CE}"
EndProject
Project("{2150E333-8FDC-42A3-9474-1A3956D46DE8}") = "DockerAPI", "DockerAPI", "{EE1EE3BF-CF93-4648-8B10-17014E48A90D}"
EndProject
Project("{2150E333-8FDC-42A3-9474-1A3956D46DE8}") = "test", "test", "{F06B8834-7E87-487B-B114-5761AAC4E66E}"
EndProject
Project("{FAE04EC0-301F-11D3-BF4B-00C04F79EFBC}") = "Docker.DotNet", "..\TrapTech.Docker.DotNet\src\Docker.DotNet\Docker.DotNet.csproj", "{08EF0A4A-DB18-4D1A-896A-FCB65D7FFF40}"
EndProject
Project("{FAE04EC0-301F-11D3-BF4B-00C04F79EFBC}") = "Docker.DotNet.BasicAuth", "..\TrapTech.Docker.DotNet\src\Docker.DotNet.BasicAuth\Docker.DotNet.BasicAuth.csproj", "{3F7A0EF1-AA9A-4EE5-8849-DD20813A878D}"
EndProject
Project("{FAE04EC0-301F-11D3-BF4B-00C04F79EFBC}") = "Docker.DotNet.SSH", "..\TrapTech.Docker.DotNet\src\Docker.DotNet.SSH\Docker.DotNet.SSH.csproj", "{6095D4E9-D410-4D29-BC69-1C4B79808AD8}"
EndProject
Project("{FAE04EC0-301F-11D3-BF4B-00C04F79EFBC}") = "Docker.DotNet.X509", "..\TrapTech.Docker.DotNet\src\Docker.DotNet.X509\Docker.DotNet.X509.csproj", "{3E24EB6E-96F2-407F-88BC-8FF837FEB0D2}"
EndProject
Project("{FAE04EC0-301F-11D3-BF4B-00C04F79EFBC}") = "Docker.DotNet.Tests", "..\TrapTech.Docker.DotNet\test\Docker.DotNet.Tests\Docker.DotNet.Tests.csproj", "{A93E2F83-295E-44A2-B49E-167F55367531}"
EndProject
Project("{FAE04EC0-301F-11D3-BF4B-00C04F79EFBC}") = "Docker.DotNet.BashLearningTests", "DockerAPI\test\Docker.DotNet.BashLearningTests\Docker.DotNet.BashLearningTests.csproj", "{0C348C5C-A08A-4482-97BA-9BACA60A6A2E}"
EndProject
Global
	GlobalSection(SolutionConfigurationPlatforms) = preSolution
		Debug|Any CPU = Debug|Any CPU
		Release|Any CPU = Release|Any CPU
	EndGlobalSection
	GlobalSection(NestedProjects) = preSolution
		{C1110707-7D68-4C3C-9DEE-621C1F86C8BB} = {26C71EAA-F25B-4F12-AB2B-3D5E4B864D9C}
		{7074F3ED-0A2E-4B7D-BF8D-67015D0EAAFF} = {26C71EAA-F25B-4F12-AB2B-3D5E4B864D9C}
		{5E529A46-5F27-48B9-921A-B2C5D66530BC} = {5F83E643-2D5A-4B9F-84CE-7C088E71CC23}
		{A2D23042-C916-42C8-9839-06104FB6B8B7} = {5F83E643-2D5A-4B9F-84CE-7C088E71CC23}
		{99B94A26-1DD6-47D9-82AE-CD04A10B8A4B} = {B9D597B5-506C-41DB-93DC-4F77EC1604BA}
		{17A534AD-7632-48C2-8BA2-D5F2C6014FFE} = {26C71EAA-F25B-4F12-AB2B-3D5E4B864D9C}
		{792F190F-1B7A-4FC1-9460-9CA4A659F4D9} = {26C71EAA-F25B-4F12-AB2B-3D5E4B864D9C}
		{2ACFC6F0-7DB3-47D5-A585-092F19366C2E} = {26C71EAA-F25B-4F12-AB2B-3D5E4B864D9C}
		{F6C2A569-0152-4EAF-9025-117B17B7BD6F} = {5F83E643-2D5A-4B9F-84CE-7C088E71CC23}
		{F06B8834-7E87-487B-B114-5761AAC4E66E} = {EE1EE3BF-CF93-4648-8B10-17014E48A90D}
		{08EF0A4A-DB18-4D1A-896A-FCB65D7FFF40} = {EE1EE3BF-CF93-4648-8B10-17014E48A90D}
		{3F7A0EF1-AA9A-4EE5-8849-DD20813A878D} = {EE1EE3BF-CF93-4648-8B10-17014E48A90D}
		{6095D4E9-D410-4D29-BC69-1C4B79808AD8} = {EE1EE3BF-CF93-4648-8B10-17014E48A90D}
		{3E24EB6E-96F2-407F-88BC-8FF837FEB0D2} = {EE1EE3BF-CF93-4648-8B10-17014E48A90D}
		{A93E2F83-295E-44A2-B49E-167F55367531} = {F06B8834-7E87-487B-B114-5761AAC4E66E}
		{0C348C5C-A08A-4482-97BA-9BACA60A6A2E} = {F06B8834-7E87-487B-B114-5761AAC4E66E}
	EndGlobalSection
	GlobalSection(ProjectConfigurationPlatforms) = postSolution
		{C1110707-7D68-4C3C-9DEE-621C1F86C8BB}.Debug|Any CPU.ActiveCfg = Debug|Any CPU
		{C1110707-7D68-4C3C-9DEE-621C1F86C8BB}.Debug|Any CPU.Build.0 = Debug|Any CPU
		{C1110707-7D68-4C3C-9DEE-621C1F86C8BB}.Release|Any CPU.ActiveCfg = Release|Any CPU
		{C1110707-7D68-4C3C-9DEE-621C1F86C8BB}.Release|Any CPU.Build.0 = Release|Any CPU
		{7074F3ED-0A2E-4B7D-BF8D-67015D0EAAFF}.Debug|Any CPU.ActiveCfg = Debug|Any CPU
		{7074F3ED-0A2E-4B7D-BF8D-67015D0EAAFF}.Debug|Any CPU.Build.0 = Debug|Any CPU
		{7074F3ED-0A2E-4B7D-BF8D-67015D0EAAFF}.Release|Any CPU.ActiveCfg = Release|Any CPU
		{7074F3ED-0A2E-4B7D-BF8D-67015D0EAAFF}.Release|Any CPU.Build.0 = Release|Any CPU
		{5E529A46-5F27-48B9-921A-B2C5D66530BC}.Debug|Any CPU.ActiveCfg = Debug|Any CPU
		{5E529A46-5F27-48B9-921A-B2C5D66530BC}.Debug|Any CPU.Build.0 = Debug|Any CPU
		{5E529A46-5F27-48B9-921A-B2C5D66530BC}.Release|Any CPU.ActiveCfg = Release|Any CPU
		{5E529A46-5F27-48B9-921A-B2C5D66530BC}.Release|Any CPU.Build.0 = Release|Any CPU
		{A1A41663-3F69-4BB0-99E0-63ECF8C5C47E}.Debug|Any CPU.ActiveCfg = Debug|Any CPU
		{A1A41663-3F69-4BB0-99E0-63ECF8C5C47E}.Debug|Any CPU.Build.0 = Debug|Any CPU
		{A1A41663-3F69-4BB0-99E0-63ECF8C5C47E}.Release|Any CPU.ActiveCfg = Release|Any CPU
		{A1A41663-3F69-4BB0-99E0-63ECF8C5C47E}.Release|Any CPU.Build.0 = Release|Any CPU
		{B70269DC-A1AC-468C-9449-D079AF9681A8}.Debug|Any CPU.ActiveCfg = Debug|Any CPU
		{B70269DC-A1AC-468C-9449-D079AF9681A8}.Debug|Any CPU.Build.0 = Debug|Any CPU
		{B70269DC-A1AC-468C-9449-D079AF9681A8}.Release|Any CPU.ActiveCfg = Release|Any CPU
		{B70269DC-A1AC-468C-9449-D079AF9681A8}.Release|Any CPU.Build.0 = Release|Any CPU
		{0C92D590-0FF5-40BB-A272-ACA841D87A7C}.Debug|Any CPU.ActiveCfg = Debug|Any CPU
		{0C92D590-0FF5-40BB-A272-ACA841D87A7C}.Debug|Any CPU.Build.0 = Debug|Any CPU
		{0C92D590-0FF5-40BB-A272-ACA841D87A7C}.Release|Any CPU.ActiveCfg = Release|Any CPU
		{0C92D590-0FF5-40BB-A272-ACA841D87A7C}.Release|Any CPU.Build.0 = Release|Any CPU
		{D91D4060-ADE2-4323-B183-889CB73D9211}.Debug|Any CPU.ActiveCfg = Debug|Any CPU
		{D91D4060-ADE2-4323-B183-889CB73D9211}.Debug|Any CPU.Build.0 = Debug|Any CPU
		{D91D4060-ADE2-4323-B183-889CB73D9211}.Release|Any CPU.ActiveCfg = Release|Any CPU
		{D91D4060-ADE2-4323-B183-889CB73D9211}.Release|Any CPU.Build.0 = Release|Any CPU
		{A2D23042-C916-42C8-9839-06104FB6B8B7}.Debug|Any CPU.ActiveCfg = Debug|Any CPU
		{A2D23042-C916-42C8-9839-06104FB6B8B7}.Debug|Any CPU.Build.0 = Debug|Any CPU
		{A2D23042-C916-42C8-9839-06104FB6B8B7}.Release|Any CPU.ActiveCfg = Release|Any CPU
		{A2D23042-C916-42C8-9839-06104FB6B8B7}.Release|Any CPU.Build.0 = Release|Any CPU
		{99B94A26-1DD6-47D9-82AE-CD04A10B8A4B}.Debug|Any CPU.ActiveCfg = Debug|Any CPU
		{99B94A26-1DD6-47D9-82AE-CD04A10B8A4B}.Debug|Any CPU.Build.0 = Debug|Any CPU
		{99B94A26-1DD6-47D9-82AE-CD04A10B8A4B}.Release|Any CPU.ActiveCfg = Release|Any CPU
		{99B94A26-1DD6-47D9-82AE-CD04A10B8A4B}.Release|Any CPU.Build.0 = Release|Any CPU
		{17A534AD-7632-48C2-8BA2-D5F2C6014FFE}.Debug|Any CPU.ActiveCfg = Debug|Any CPU
		{17A534AD-7632-48C2-8BA2-D5F2C6014FFE}.Debug|Any CPU.Build.0 = Debug|Any CPU
		{17A534AD-7632-48C2-8BA2-D5F2C6014FFE}.Release|Any CPU.ActiveCfg = Release|Any CPU
		{17A534AD-7632-48C2-8BA2-D5F2C6014FFE}.Release|Any CPU.Build.0 = Release|Any CPU
		{792F190F-1B7A-4FC1-9460-9CA4A659F4D9}.Debug|Any CPU.ActiveCfg = Debug|Any CPU
		{792F190F-1B7A-4FC1-9460-9CA4A659F4D9}.Debug|Any CPU.Build.0 = Debug|Any CPU
		{792F190F-1B7A-4FC1-9460-9CA4A659F4D9}.Release|Any CPU.ActiveCfg = Release|Any CPU
		{792F190F-1B7A-4FC1-9460-9CA4A659F4D9}.Release|Any CPU.Build.0 = Release|Any CPU
		{2ACFC6F0-7DB3-47D5-A585-092F19366C2E}.Debug|Any CPU.ActiveCfg = Debug|Any CPU
		{2ACFC6F0-7DB3-47D5-A585-092F19366C2E}.Debug|Any CPU.Build.0 = Debug|Any CPU
		{2ACFC6F0-7DB3-47D5-A585-092F19366C2E}.Release|Any CPU.ActiveCfg = Release|Any CPU
		{2ACFC6F0-7DB3-47D5-A585-092F19366C2E}.Release|Any CPU.Build.0 = Release|Any CPU
		{F6C2A569-0152-4EAF-9025-117B17B7BD6F}.Debug|Any CPU.ActiveCfg = Debug|Any CPU
		{F6C2A569-0152-4EAF-9025-117B17B7BD6F}.Debug|Any CPU.Build.0 = Debug|Any CPU
		{F6C2A569-0152-4EAF-9025-117B17B7BD6F}.Release|Any CPU.ActiveCfg = Release|Any CPU
		{F6C2A569-0152-4EAF-9025-117B17B7BD6F}.Release|Any CPU.Build.0 = Release|Any CPU
		{F876337D-839D-4E7B-A7A7-A2ED3035CD8A}.Debug|Any CPU.ActiveCfg = Debug|Any CPU
		{F876337D-839D-4E7B-A7A7-A2ED3035CD8A}.Debug|Any CPU.Build.0 = Debug|Any CPU
		{F876337D-839D-4E7B-A7A7-A2ED3035CD8A}.Release|Any CPU.ActiveCfg = Release|Any CPU
		{F876337D-839D-4E7B-A7A7-A2ED3035CD8A}.Release|Any CPU.Build.0 = Release|Any CPU
		{E19AA572-2AE5-4288-B96F-5F55AFA69A5B}.Debug|Any CPU.ActiveCfg = Debug|Any CPU
		{E19AA572-2AE5-4288-B96F-5F55AFA69A5B}.Debug|Any CPU.Build.0 = Debug|Any CPU
		{E19AA572-2AE5-4288-B96F-5F55AFA69A5B}.Release|Any CPU.ActiveCfg = Release|Any CPU
		{E19AA572-2AE5-4288-B96F-5F55AFA69A5B}.Release|Any CPU.Build.0 = Release|Any CPU
		{856E9509-B9BB-42BC-B703-885E85CF39CE}.Debug|Any CPU.ActiveCfg = Debug|Any CPU
		{856E9509-B9BB-42BC-B703-885E85CF39CE}.Debug|Any CPU.Build.0 = Debug|Any CPU
		{856E9509-B9BB-42BC-B703-885E85CF39CE}.Release|Any CPU.ActiveCfg = Release|Any CPU
		{856E9509-B9BB-42BC-B703-885E85CF39CE}.Release|Any CPU.Build.0 = Release|Any CPU
		{08EF0A4A-DB18-4D1A-896A-FCB65D7FFF40}.Debug|Any CPU.ActiveCfg = Debug|Any CPU
		{08EF0A4A-DB18-4D1A-896A-FCB65D7FFF40}.Debug|Any CPU.Build.0 = Debug|Any CPU
		{08EF0A4A-DB18-4D1A-896A-FCB65D7FFF40}.Release|Any CPU.ActiveCfg = Release|Any CPU
		{08EF0A4A-DB18-4D1A-896A-FCB65D7FFF40}.Release|Any CPU.Build.0 = Release|Any CPU
		{3F7A0EF1-AA9A-4EE5-8849-DD20813A878D}.Debug|Any CPU.ActiveCfg = Debug|Any CPU
		{3F7A0EF1-AA9A-4EE5-8849-DD20813A878D}.Debug|Any CPU.Build.0 = Debug|Any CPU
		{3F7A0EF1-AA9A-4EE5-8849-DD20813A878D}.Release|Any CPU.ActiveCfg = Release|Any CPU
		{3F7A0EF1-AA9A-4EE5-8849-DD20813A878D}.Release|Any CPU.Build.0 = Release|Any CPU
		{6095D4E9-D410-4D29-BC69-1C4B79808AD8}.Debug|Any CPU.ActiveCfg = Debug|Any CPU
		{6095D4E9-D410-4D29-BC69-1C4B79808AD8}.Debug|Any CPU.Build.0 = Debug|Any CPU
		{6095D4E9-D410-4D29-BC69-1C4B79808AD8}.Release|Any CPU.ActiveCfg = Release|Any CPU
		{6095D4E9-D410-4D29-BC69-1C4B79808AD8}.Release|Any CPU.Build.0 = Release|Any CPU
		{3E24EB6E-96F2-407F-88BC-8FF837FEB0D2}.Debug|Any CPU.ActiveCfg = Debug|Any CPU
		{3E24EB6E-96F2-407F-88BC-8FF837FEB0D2}.Debug|Any CPU.Build.0 = Debug|Any CPU
		{3E24EB6E-96F2-407F-88BC-8FF837FEB0D2}.Release|Any CPU.ActiveCfg = Release|Any CPU
		{3E24EB6E-96F2-407F-88BC-8FF837FEB0D2}.Release|Any CPU.Build.0 = Release|Any CPU
		{A93E2F83-295E-44A2-B49E-167F55367531}.Debug|Any CPU.ActiveCfg = Debug|Any CPU
		{A93E2F83-295E-44A2-B49E-167F55367531}.Debug|Any CPU.Build.0 = Debug|Any CPU
		{A93E2F83-295E-44A2-B49E-167F55367531}.Release|Any CPU.ActiveCfg = Release|Any CPU
		{A93E2F83-295E-44A2-B49E-167F55367531}.Release|Any CPU.Build.0 = Release|Any CPU
		{0C348C5C-A08A-4482-97BA-9BACA60A6A2E}.Debug|Any CPU.ActiveCfg = Debug|Any CPU
		{0C348C5C-A08A-4482-97BA-9BACA60A6A2E}.Debug|Any CPU.Build.0 = Debug|Any CPU
		{0C348C5C-A08A-4482-97BA-9BACA60A6A2E}.Release|Any CPU.ActiveCfg = Release|Any CPU
		{0C348C5C-A08A-4482-97BA-9BACA60A6A2E}.Release|Any CPU.Build.0 = Release|Any CPU
	EndGlobalSection
EndGlobal
